
Microsoft Visual Studio Solution File, Format Version 12.00
# Visual Studio Version 17
VisualStudioVersion = 17.4.32804.182
MinimumVisualStudioVersion = 10.0.40219.1
Project("{FAE04EC0-301F-11D3-BF4B-00C04F79EFBC}") = "HHExplorer.UWP", "HHExplorer\HHExplorer.UWP\HHExplorer.UWP.csproj", "{49D8CDFE-5E02-4EEE-AD97-5C43E01869ED}"
EndProject
Project("{FAE04EC0-301F-11D3-BF4B-00C04F79EFBC}") = "HHExplorer.Android", "HHExplorer\HHExplorer.Android\HHExplorer.Android.csproj", "{6078603B-56B8-4FA8-BB4B-49551547E2B2}"
EndProject
Project("{FAE04EC0-301F-11D3-BF4B-00C04F79EFBC}") = "HHExplorer.iOS", "HHExplorer\HHExplorer.iOS\HHExplorer.iOS.csproj", "{D7FDCF64-B21C-4F89-BA9A-C8EF877F47D9}"
EndProject
Project("{FAE04EC0-301F-11D3-BF4B-00C04F79EFBC}") = "HHExplorer", "HHExplorer\HHExplorer\HHExplorer.csproj", "{D848208A-7C88-48BC-A30E-2F4DB239BF56}"
EndProject
Global
	GlobalSection(SolutionConfigurationPlatforms) = preSolution
		Debug|Any CPU = Debug|Any CPU
		Debug|ARM = Debug|ARM
		Debug|iPhone = Debug|iPhone
		Debug|iPhoneSimulator = Debug|iPhoneSimulator
		Debug|x64 = Debug|x64
		Debug|x86 = Debug|x86
		Release|Any CPU = Release|Any CPU
		Release|ARM = Release|ARM
		Release|iPhone = Release|iPhone
		Release|iPhoneSimulator = Release|iPhoneSimulator
		Release|x64 = Release|x64
		Release|x86 = Release|x86
	EndGlobalSection
	GlobalSection(ProjectConfigurationPlatforms) = postSolution
		{49D8CDFE-5E02-4EEE-AD97-5C43E01869ED}.Debug|Any CPU.ActiveCfg = Debug|x64
		{49D8CDFE-5E02-4EEE-AD97-5C43E01869ED}.Debug|Any CPU.Build.0 = Debug|x64
		{49D8CDFE-5E02-4EEE-AD97-5C43E01869ED}.Debug|Any CPU.Deploy.0 = Debug|x64
		{49D8CDFE-5E02-4EEE-AD97-5C43E01869ED}.Debug|ARM.ActiveCfg = Debug|ARM
		{49D8CDFE-5E02-4EEE-AD97-5C43E01869ED}.Debug|ARM.Build.0 = Debug|ARM
		{49D8CDFE-5E02-4EEE-AD97-5C43E01869ED}.Debug|ARM.Deploy.0 = Debug|ARM
		{49D8CDFE-5E02-4EEE-AD97-5C43E01869ED}.Debug|iPhone.ActiveCfg = Debug|x64
		{49D8CDFE-5E02-4EEE-AD97-5C43E01869ED}.Debug|iPhone.Build.0 = Debug|x64
		{49D8CDFE-5E02-4EEE-AD97-5C43E01869ED}.Debug|iPhone.Deploy.0 = Debug|x64
		{49D8CDFE-5E02-4EEE-AD97-5C43E01869ED}.Debug|iPhoneSimulator.ActiveCfg = Debug|x64
		{49D8CDFE-5E02-4EEE-AD97-5C43E01869ED}.Debug|iPhoneSimulator.Build.0 = Debug|x64
		{49D8CDFE-5E02-4EEE-AD97-5C43E01869ED}.Debug|iPhoneSimulator.Deploy.0 = Debug|x64
		{49D8CDFE-5E02-4EEE-AD97-5C43E01869ED}.Debug|x64.ActiveCfg = Debug|x64
		{49D8CDFE-5E02-4EEE-AD97-5C43E01869ED}.Debug|x64.Build.0 = Debug|x64
		{49D8CDFE-5E02-4EEE-AD97-5C43E01869ED}.Debug|x64.Deploy.0 = Debug|x64
		{49D8CDFE-5E02-4EEE-AD97-5C43E01869ED}.Debug|x86.ActiveCfg = Debug|x86
		{49D8CDFE-5E02-4EEE-AD97-5C43E01869ED}.Debug|x86.Build.0 = Debug|x86
		{49D8CDFE-5E02-4EEE-AD97-5C43E01869ED}.Debug|x86.Deploy.0 = Debug|x86
		{49D8CDFE-5E02-4EEE-AD97-5C43E01869ED}.Release|Any CPU.ActiveCfg = Release|x64
		{49D8CDFE-5E02-4EEE-AD97-5C43E01869ED}.Release|Any CPU.Build.0 = Release|x64
		{49D8CDFE-5E02-4EEE-AD97-5C43E01869ED}.Release|Any CPU.Deploy.0 = Release|x64
		{49D8CDFE-5E02-4EEE-AD97-5C43E01869ED}.Release|ARM.ActiveCfg = Release|ARM
		{49D8CDFE-5E02-4EEE-AD97-5C43E01869ED}.Release|ARM.Build.0 = Release|ARM
		{49D8CDFE-5E02-4EEE-AD97-5C43E01869ED}.Release|ARM.Deploy.0 = Release|ARM
		{49D8CDFE-5E02-4EEE-AD97-5C43E01869ED}.Release|iPhone.ActiveCfg = Release|x64
		{49D8CDFE-5E02-4EEE-AD97-5C43E01869ED}.Release|iPhone.Build.0 = Release|x64
		{49D8CDFE-5E02-4EEE-AD97-5C43E01869ED}.Release|iPhone.Deploy.0 = Release|x64
		{49D8CDFE-5E02-4EEE-AD97-5C43E01869ED}.Release|iPhoneSimulator.ActiveCfg = Release|x64
		{49D8CDFE-5E02-4EEE-AD97-5C43E01869ED}.Release|iPhoneSimulator.Build.0 = Release|x64
		{49D8CDFE-5E02-4EEE-AD97-5C43E01869ED}.Release|iPhoneSimulator.Deploy.0 = Release|x64
		{49D8CDFE-5E02-4EEE-AD97-5C43E01869ED}.Release|x64.ActiveCfg = Release|x64
		{49D8CDFE-5E02-4EEE-AD97-5C43E01869ED}.Release|x64.Build.0 = Release|x64
		{49D8CDFE-5E02-4EEE-AD97-5C43E01869ED}.Release|x64.Deploy.0 = Release|x64
		{49D8CDFE-5E02-4EEE-AD97-5C43E01869ED}.Release|x86.ActiveCfg = Release|x86
		{49D8CDFE-5E02-4EEE-AD97-5C43E01869ED}.Release|x86.Build.0 = Release|x86
		{49D8CDFE-5E02-4EEE-AD97-5C43E01869ED}.Release|x86.Deploy.0 = Release|x86
		{6078603B-56B8-4FA8-BB4B-49551547E2B2}.Debug|Any CPU.ActiveCfg = Debug|Any CPU
		{6078603B-56B8-4FA8-BB4B-49551547E2B2}.Debug|Any CPU.Build.0 = Debug|Any CPU
		{6078603B-56B8-4FA8-BB4B-49551547E2B2}.Debug|Any CPU.Deploy.0 = Debug|Any CPU
		{6078603B-56B8-4FA8-BB4B-49551547E2B2}.Debug|ARM.ActiveCfg = Debug|Any CPU
		{6078603B-56B8-4FA8-BB4B-49551547E2B2}.Debug|ARM.Build.0 = Debug|Any CPU
		{6078603B-56B8-4FA8-BB4B-49551547E2B2}.Debug|ARM.Deploy.0 = Debug|Any CPU
		{6078603B-56B8-4FA8-BB4B-49551547E2B2}.Debug|iPhone.ActiveCfg = Debug|Any CPU
		{6078603B-56B8-4FA8-BB4B-49551547E2B2}.Debug|iPhone.Build.0 = Debug|Any CPU
		{6078603B-56B8-4FA8-BB4B-49551547E2B2}.Debug|iPhone.Deploy.0 = Debug|Any CPU
		{6078603B-56B8-4FA8-BB4B-49551547E2B2}.Debug|iPhoneSimulator.ActiveCfg = Debug|Any CPU
		{6078603B-56B8-4FA8-BB4B-49551547E2B2}.Debug|iPhoneSimulator.Build.0 = Debug|Any CPU
		{6078603B-56B8-4FA8-BB4B-49551547E2B2}.Debug|iPhoneSimulator.Deploy.0 = Debug|Any CPU
		{6078603B-56B8-4FA8-BB4B-49551547E2B2}.Debug|x64.ActiveCfg = Debug|Any CPU
		{6078603B-56B8-4FA8-BB4B-49551547E2B2}.Debug|x64.Build.0 = Debug|Any CPU
		{6078603B-56B8-4FA8-BB4B-49551547E2B2}.Debug|x64.Deploy.0 = Debug|Any CPU
		{6078603B-56B8-4FA8-BB4B-49551547E2B2}.Debug|x86.ActiveCfg = Debug|Any CPU
		{6078603B-56B8-4FA8-BB4B-49551547E2B2}.Debug|x86.Build.0 = Debug|Any CPU
		{6078603B-56B8-4FA8-BB4B-49551547E2B2}.Debug|x86.Deploy.0 = Debug|Any CPU
		{6078603B-56B8-4FA8-BB4B-49551547E2B2}.Release|Any CPU.ActiveCfg = Release|Any CPU
		{6078603B-56B8-4FA8-BB4B-49551547E2B2}.Release|Any CPU.Build.0 = Release|Any CPU
		{6078603B-56B8-4FA8-BB4B-49551547E2B2}.Release|Any CPU.Deploy.0 = Release|Any CPU
		{6078603B-56B8-4FA8-BB4B-49551547E2B2}.Release|ARM.ActiveCfg = Release|Any CPU
		{6078603B-56B8-4FA8-BB4B-49551547E2B2}.Release|ARM.Build.0 = Release|Any CPU
		{6078603B-56B8-4FA8-BB4B-49551547E2B2}.Release|ARM.Deploy.0 = Release|Any CPU
		{6078603B-56B8-4FA8-BB4B-49551547E2B2}.Release|iPhone.ActiveCfg = Release|Any CPU
		{6078603B-56B8-4FA8-BB4B-49551547E2B2}.Release|iPhone.Build.0 = Release|Any CPU
		{6078603B-56B8-4FA8-BB4B-49551547E2B2}.Release|iPhone.Deploy.0 = Release|Any CPU
		{6078603B-56B8-4FA8-BB4B-49551547E2B2}.Release|iPhoneSimulator.ActiveCfg = Release|Any CPU
		{6078603B-56B8-4FA8-BB4B-49551547E2B2}.Release|iPhoneSimulator.Build.0 = Release|Any CPU
		{6078603B-56B8-4FA8-BB4B-49551547E2B2}.Release|iPhoneSimulator.Deploy.0 = Release|Any CPU
		{6078603B-56B8-4FA8-BB4B-49551547E2B2}.Release|x64.ActiveCfg = Release|Any CPU
		{6078603B-56B8-4FA8-BB4B-49551547E2B2}.Release|x64.Build.0 = Release|Any CPU
		{6078603B-56B8-4FA8-BB4B-49551547E2B2}.Release|x64.Deploy.0 = Release|Any CPU
		{6078603B-56B8-4FA8-BB4B-49551547E2B2}.Release|x86.ActiveCfg = Release|Any CPU
		{6078603B-56B8-4FA8-BB4B-49551547E2B2}.Release|x86.Build.0 = Release|Any CPU
		{6078603B-56B8-4FA8-BB4B-49551547E2B2}.Release|x86.Deploy.0 = Release|Any CPU
		{D7FDCF64-B21C-4F89-BA9A-C8EF877F47D9}.Debug|Any CPU.ActiveCfg = Debug|iPhoneSimulator
		{D7FDCF64-B21C-4F89-BA9A-C8EF877F47D9}.Debug|Any CPU.Build.0 = Debug|iPhoneSimulator
		{D7FDCF64-B21C-4F89-BA9A-C8EF877F47D9}.Debug|Any CPU.Deploy.0 = Debug|iPhoneSimulator
		{D7FDCF64-B21C-4F89-BA9A-C8EF877F47D9}.Debug|ARM.ActiveCfg = Debug|iPhoneSimulator
		{D7FDCF64-B21C-4F89-BA9A-C8EF877F47D9}.Debug|ARM.Build.0 = Debug|iPhoneSimulator
		{D7FDCF64-B21C-4F89-BA9A-C8EF877F47D9}.Debug|ARM.Deploy.0 = Debug|iPhoneSimulator
		{D7FDCF64-B21C-4F89-BA9A-C8EF877F47D9}.Debug|iPhone.ActiveCfg = Debug|iPhone
		{D7FDCF64-B21C-4F89-BA9A-C8EF877F47D9}.Debug|iPhone.Build.0 = Debug|iPhone
		{D7FDCF64-B21C-4F89-BA9A-C8EF877F47D9}.Debug|iPhone.Deploy.0 = Debug|iPhone
		{D7FDCF64-B21C-4F89-BA9A-C8EF877F47D9}.Debug|iPhoneSimulator.ActiveCfg = Debug|iPhoneSimulator
		{D7FDCF64-B21C-4F89-BA9A-C8EF877F47D9}.Debug|iPhoneSimulator.Build.0 = Debug|iPhoneSimulator
		{D7FDCF64-B21C-4F89-BA9A-C8EF877F47D9}.Debug|iPhoneSimulator.Deploy.0 = Debug|iPhoneSimulator
		{D7FDCF64-B21C-4F89-BA9A-C8EF877F47D9}.Debug|x64.ActiveCfg = Debug|iPhone
		{D7FDCF64-B21C-4F89-BA9A-C8EF877F47D9}.Debug|x64.Build.0 = Debug|iPhone
		{D7FDCF64-B21C-4F89-BA9A-C8EF877F47D9}.Debug|x64.Deploy.0 = Debug|iPhone
		{D7FDCF64-B21C-4F89-BA9A-C8EF877F47D9}.Debug|x86.ActiveCfg = Debug|iPhoneSimulator
		{D7FDCF64-B21C-4F89-BA9A-C8EF877F47D9}.Debug|x86.Build.0 = Debug|iPhoneSimulator
		{D7FDCF64-B21C-4F89-BA9A-C8EF877F47D9}.Debug|x86.Deploy.0 = Debug|iPhoneSimulator
		{D7FDCF64-B21C-4F89-BA9A-C8EF877F47D9}.Release|Any CPU.ActiveCfg = Release|iPhoneSimulator
		{D7FDCF64-B21C-4F89-BA9A-C8EF877F47D9}.Release|Any CPU.Build.0 = Release|iPhoneSimulator
		{D7FDCF64-B21C-4F89-BA9A-C8EF877F47D9}.Release|Any CPU.Deploy.0 = Release|iPhoneSimulator
		{D7FDCF64-B21C-4F89-BA9A-C8EF877F47D9}.Release|ARM.ActiveCfg = Release|iPhoneSimulator
		{D7FDCF64-B21C-4F89-BA9A-C8EF877F47D9}.Release|ARM.Build.0 = Release|iPhoneSimulator
		{D7FDCF64-B21C-4F89-BA9A-C8EF877F47D9}.Release|ARM.Deploy.0 = Release|iPhoneSimulator
		{D7FDCF64-B21C-4F89-BA9A-C8EF877F47D9}.Release|iPhone.ActiveCfg = Release|iPhone
		{D7FDCF64-B21C-4F89-BA9A-C8EF877F47D9}.Release|iPhone.Build.0 = Release|iPhone
		{D7FDCF64-B21C-4F89-BA9A-C8EF877F47D9}.Release|iPhone.Deploy.0 = Release|iPhone
		{D7FDCF64-B21C-4F89-BA9A-C8EF877F47D9}.Release|iPhoneSimulator.ActiveCfg = Release|iPhoneSimulator
		{D7FDCF64-B21C-4F89-BA9A-C8EF877F47D9}.Release|iPhoneSimulator.Build.0 = Release|iPhoneSimulator
		{D7FDCF64-B21C-4F89-BA9A-C8EF877F47D9}.Release|iPhoneSimulator.Deploy.0 = Release|iPhoneSimulator
		{D7FDCF64-B21C-4F89-BA9A-C8EF877F47D9}.Release|x64.ActiveCfg = Release|iPhoneSimulator
		{D7FDCF64-B21C-4F89-BA9A-C8EF877F47D9}.Release|x64.Build.0 = Release|iPhoneSimulator
		{D7FDCF64-B21C-4F89-BA9A-C8EF877F47D9}.Release|x64.Deploy.0 = Release|iPhoneSimulator
		{D7FDCF64-B21C-4F89-BA9A-C8EF877F47D9}.Release|x86.ActiveCfg = Release|iPhoneSimulator
		{D7FDCF64-B21C-4F89-BA9A-C8EF877F47D9}.Release|x86.Build.0 = Release|iPhoneSimulator
		{D7FDCF64-B21C-4F89-BA9A-C8EF877F47D9}.Release|x86.Deploy.0 = Release|iPhoneSimulator
		{D848208A-7C88-48BC-A30E-2F4DB239BF56}.Debug|Any CPU.ActiveCfg = Debug|Any CPU
		{D848208A-7C88-48BC-A30E-2F4DB239BF56}.Debug|Any CPU.Build.0 = Debug|Any CPU
		{D848208A-7C88-48BC-A30E-2F4DB239BF56}.Debug|Any CPU.Deploy.0 = Debug|Any CPU
		{D848208A-7C88-48BC-A30E-2F4DB239BF56}.Debug|ARM.ActiveCfg = Debug|Any CPU
		{D848208A-7C88-48BC-A30E-2F4DB239BF56}.Debug|ARM.Build.0 = Debug|Any CPU
		{D848208A-7C88-48BC-A30E-2F4DB239BF56}.Debug|ARM.Deploy.0 = Debug|Any CPU
		{D848208A-7C88-48BC-A30E-2F4DB239BF56}.Debug|iPhone.ActiveCfg = Debug|Any CPU
		{D848208A-7C88-48BC-A30E-2F4DB239BF56}.Debug|iPhone.Build.0 = Debug|Any CPU
		{D848208A-7C88-48BC-A30E-2F4DB239BF56}.Debug|iPhone.Deploy.0 = Debug|Any CPU
		{D848208A-7C88-48BC-A30E-2F4DB239BF56}.Debug|iPhoneSimulator.ActiveCfg = Debug|Any CPU
		{D848208A-7C88-48BC-A30E-2F4DB239BF56}.Debug|iPhoneSimulator.Build.0 = Debug|Any CPU
		{D848208A-7C88-48BC-A30E-2F4DB239BF56}.Debug|iPhoneSimulator.Deploy.0 = Debug|Any CPU
		{D848208A-7C88-48BC-A30E-2F4DB239BF56}.Debug|x64.ActiveCfg = Debug|Any CPU
		{D848208A-7C88-48BC-A30E-2F4DB239BF56}.Debug|x64.Build.0 = Debug|Any CPU
		{D848208A-7C88-48BC-A30E-2F4DB239BF56}.Debug|x64.Deploy.0 = Debug|Any CPU
		{D848208A-7C88-48BC-A30E-2F4DB239BF56}.Debug|x86.ActiveCfg = Debug|Any CPU
		{D848208A-7C88-48BC-A30E-2F4DB239BF56}.Debug|x86.Build.0 = Debug|Any CPU
		{D848208A-7C88-48BC-A30E-2F4DB239BF56}.Debug|x86.Deploy.0 = Debug|Any CPU
		{D848208A-7C88-48BC-A30E-2F4DB239BF56}.Release|Any CPU.ActiveCfg = Release|Any CPU
		{D848208A-7C88-48BC-A30E-2F4DB239BF56}.Release|Any CPU.Build.0 = Release|Any CPU
		{D848208A-7C88-48BC-A30E-2F4DB239BF56}.Release|Any CPU.Deploy.0 = Release|Any CPU
		{D848208A-7C88-48BC-A30E-2F4DB239BF56}.Release|ARM.ActiveCfg = Release|Any CPU
		{D848208A-7C88-48BC-A30E-2F4DB239BF56}.Release|ARM.Build.0 = Release|Any CPU
		{D848208A-7C88-48BC-A30E-2F4DB239BF56}.Release|ARM.Deploy.0 = Release|Any CPU
		{D848208A-7C88-48BC-A30E-2F4DB239BF56}.Release|iPhone.ActiveCfg = Release|Any CPU
		{D848208A-7C88-48BC-A30E-2F4DB239BF56}.Release|iPhone.Build.0 = Release|Any CPU
		{D848208A-7C88-48BC-A30E-2F4DB239BF56}.Release|iPhone.Deploy.0 = Release|Any CPU
		{D848208A-7C88-48BC-A30E-2F4DB239BF56}.Release|iPhoneSimulator.ActiveCfg = Release|Any CPU
		{D848208A-7C88-48BC-A30E-2F4DB239BF56}.Release|iPhoneSimulator.Build.0 = Release|Any CPU
		{D848208A-7C88-48BC-A30E-2F4DB239BF56}.Release|iPhoneSimulator.Deploy.0 = Release|Any CPU
		{D848208A-7C88-48BC-A30E-2F4DB239BF56}.Release|x64.ActiveCfg = Release|Any CPU
		{D848208A-7C88-48BC-A30E-2F4DB239BF56}.Release|x64.Build.0 = Release|Any CPU
		{D848208A-7C88-48BC-A30E-2F4DB239BF56}.Release|x64.Deploy.0 = Release|Any CPU
		{D848208A-7C88-48BC-A30E-2F4DB239BF56}.Release|x86.ActiveCfg = Release|Any CPU
		{D848208A-7C88-48BC-A30E-2F4DB239BF56}.Release|x86.Build.0 = Release|Any CPU
		{D848208A-7C88-48BC-A30E-2F4DB239BF56}.Release|x86.Deploy.0 = Release|Any CPU
	EndGlobalSection
	GlobalSection(SolutionProperties) = preSolution
		HideSolutionNode = FALSE
	EndGlobalSection
	GlobalSection(ExtensibilityGlobals) = postSolution
		SolutionGuid = {17C65DB5-DB67-42A9-9ED2-742DE99C7A57}
	EndGlobalSection
EndGlobal
