
Microsoft Visual Studio Solution File, Format Version 12.00
# Visual Studio Version 17
VisualStudioVersion = 17.7.33711.374
MinimumVisualStudioVersion = 10.0.40219.1
Project("{9A19103F-16F7-4668-BE54-9A1E7A4F7556}") = "HHExplorer", "HHExplorer\HHExplorer\HHExplorer.csproj", "{13D88F3C-BC03-4A08-915A-F301CEB1EB2D}"
EndProject
Project("{FAE04EC0-301F-11D3-BF4B-00C04F79EFBC}") = "HHExplorer.Android", "HHExplorer\HHExplorer.Android\HHExplorer.Android.csproj", "{AE274B27-4EC5-44C9-B0B4-BB456559C35C}"
EndProject
Project("{FAE04EC0-301F-11D3-BF4B-00C04F79EFBC}") = "HHExplorer.iOS", "HHExplorer\HHExplorer.iOS\HHExplorer.iOS.csproj", "{180FA920-761D-48CE-964C-B20B36C3BFB4}"
EndProject
Project("{FAE04EC0-301F-11D3-BF4B-00C04F79EFBC}") = "HHExplorer.UWP", "HHExplorer\HHExplorer.UWP\HHExplorer.UWP.csproj", "{90B825E5-85E9-4016-8E1D-FBFF73CC8F66}"
EndProject
Global
	GlobalSection(SolutionConfigurationPlatforms) = preSolution
		Debug|Any CPU = Debug|Any CPU
		Debug|ARM = Debug|ARM
		Debug|iPhone = Debug|iPhone
		Debug|iPhoneSimulator = Debug|iPhoneSimulator
		Debug|x64 = Debug|x64
		Debug|x86 = Debug|x86
		Release|Any CPU = Release|Any CPU
		Release|ARM = Release|ARM
		Release|iPhone = Release|iPhone
		Release|iPhoneSimulator = Release|iPhoneSimulator
		Release|x64 = Release|x64
		Release|x86 = Release|x86
	EndGlobalSection
	GlobalSection(ProjectConfigurationPlatforms) = postSolution
		{AE274B27-4EC5-44C9-B0B4-BB456559C35C}.Debug|Any CPU.ActiveCfg = Debug|Any CPU
		{AE274B27-4EC5-44C9-B0B4-BB456559C35C}.Debug|Any CPU.Build.0 = Debug|Any CPU
		{AE274B27-4EC5-44C9-B0B4-BB456559C35C}.Debug|Any CPU.Deploy.0 = Debug|Any CPU
		{AE274B27-4EC5-44C9-B0B4-BB456559C35C}.Debug|ARM.ActiveCfg = Debug|Any CPU
		{AE274B27-4EC5-44C9-B0B4-BB456559C35C}.Debug|ARM.Build.0 = Debug|Any CPU
		{AE274B27-4EC5-44C9-B0B4-BB456559C35C}.Debug|ARM.Deploy.0 = Debug|Any CPU
		{AE274B27-4EC5-44C9-B0B4-BB456559C35C}.Debug|iPhone.ActiveCfg = Debug|Any CPU
		{AE274B27-4EC5-44C9-B0B4-BB456559C35C}.Debug|iPhone.Build.0 = Debug|Any CPU
		{AE274B27-4EC5-44C9-B0B4-BB456559C35C}.Debug|iPhone.Deploy.0 = Debug|Any CPU
		{AE274B27-4EC5-44C9-B0B4-BB456559C35C}.Debug|iPhoneSimulator.ActiveCfg = Debug|Any CPU
		{AE274B27-4EC5-44C9-B0B4-BB456559C35C}.Debug|iPhoneSimulator.Build.0 = Debug|Any CPU
		{AE274B27-4EC5-44C9-B0B4-BB456559C35C}.Debug|iPhoneSimulator.Deploy.0 = Debug|Any CPU
		{AE274B27-4EC5-44C9-B0B4-BB456559C35C}.Debug|x64.ActiveCfg = Debug|Any CPU
		{AE274B27-4EC5-44C9-B0B4-BB456559C35C}.Debug|x64.Build.0 = Debug|Any CPU
		{AE274B27-4EC5-44C9-B0B4-BB456559C35C}.Debug|x64.Deploy.0 = Debug|Any CPU
		{AE274B27-4EC5-44C9-B0B4-BB456559C35C}.Debug|x86.ActiveCfg = Debug|Any CPU
		{AE274B27-4EC5-44C9-B0B4-BB456559C35C}.Debug|x86.Build.0 = Debug|Any CPU
		{AE274B27-4EC5-44C9-B0B4-BB456559C35C}.Debug|x86.Deploy.0 = Debug|Any CPU
		{AE274B27-4EC5-44C9-B0B4-BB456559C35C}.Release|Any CPU.ActiveCfg = Release|Any CPU
		{AE274B27-4EC5-44C9-B0B4-BB456559C35C}.Release|Any CPU.Build.0 = Release|Any CPU
		{AE274B27-4EC5-44C9-B0B4-BB456559C35C}.Release|Any CPU.Deploy.0 = Release|Any CPU
		{AE274B27-4EC5-44C9-B0B4-BB456559C35C}.Release|ARM.ActiveCfg = Release|Any CPU
		{AE274B27-4EC5-44C9-B0B4-BB456559C35C}.Release|ARM.Build.0 = Release|Any CPU
		{AE274B27-4EC5-44C9-B0B4-BB456559C35C}.Release|ARM.Deploy.0 = Release|Any CPU
		{AE274B27-4EC5-44C9-B0B4-BB456559C35C}.Release|iPhone.ActiveCfg = Release|Any CPU
		{AE274B27-4EC5-44C9-B0B4-BB456559C35C}.Release|iPhone.Build.0 = Release|Any CPU
		{AE274B27-4EC5-44C9-B0B4-BB456559C35C}.Release|iPhone.Deploy.0 = Release|Any CPU
		{AE274B27-4EC5-44C9-B0B4-BB456559C35C}.Release|iPhoneSimulator.ActiveCfg = Release|Any CPU
		{AE274B27-4EC5-44C9-B0B4-BB456559C35C}.Release|iPhoneSimulator.Build.0 = Release|Any CPU
		{AE274B27-4EC5-44C9-B0B4-BB456559C35C}.Release|iPhoneSimulator.Deploy.0 = Release|Any CPU
		{AE274B27-4EC5-44C9-B0B4-BB456559C35C}.Release|x64.ActiveCfg = Release|Any CPU
		{AE274B27-4EC5-44C9-B0B4-BB456559C35C}.Release|x64.Build.0 = Release|Any CPU
		{AE274B27-4EC5-44C9-B0B4-BB456559C35C}.Release|x64.Deploy.0 = Release|Any CPU
		{AE274B27-4EC5-44C9-B0B4-BB456559C35C}.Release|x86.ActiveCfg = Release|Any CPU
		{AE274B27-4EC5-44C9-B0B4-BB456559C35C}.Release|x86.Build.0 = Release|Any CPU
		{AE274B27-4EC5-44C9-B0B4-BB456559C35C}.Release|x86.Deploy.0 = Release|Any CPU
		{180FA920-761D-48CE-964C-B20B36C3BFB4}.Debug|Any CPU.ActiveCfg = Debug|iPhoneSimulator
		{180FA920-761D-48CE-964C-B20B36C3BFB4}.Debug|Any CPU.Build.0 = Debug|iPhoneSimulator
		{180FA920-761D-48CE-964C-B20B36C3BFB4}.Debug|Any CPU.Deploy.0 = Debug|iPhoneSimulator
		{180FA920-761D-48CE-964C-B20B36C3BFB4}.Debug|ARM.ActiveCfg = Debug|iPhone
		{180FA920-761D-48CE-964C-B20B36C3BFB4}.Debug|ARM.Build.0 = Debug|iPhone
		{180FA920-761D-48CE-964C-B20B36C3BFB4}.Debug|ARM.Deploy.0 = Debug|iPhone
		{180FA920-761D-48CE-964C-B20B36C3BFB4}.Debug|iPhone.ActiveCfg = Debug|iPhone
		{180FA920-761D-48CE-964C-B20B36C3BFB4}.Debug|iPhone.Build.0 = Debug|iPhone
		{180FA920-761D-48CE-964C-B20B36C3BFB4}.Debug|iPhone.Deploy.0 = Debug|iPhone
		{180FA920-761D-48CE-964C-B20B36C3BFB4}.Debug|iPhoneSimulator.ActiveCfg = Debug|iPhoneSimulator
		{180FA920-761D-48CE-964C-B20B36C3BFB4}.Debug|iPhoneSimulator.Build.0 = Debug|iPhoneSimulator
		{180FA920-761D-48CE-964C-B20B36C3BFB4}.Debug|iPhoneSimulator.Deploy.0 = Debug|iPhoneSimulator
		{180FA920-761D-48CE-964C-B20B36C3BFB4}.Debug|x64.ActiveCfg = Debug|iPhoneSimulator
		{180FA920-761D-48CE-964C-B20B36C3BFB4}.Debug|x64.Build.0 = Debug|iPhoneSimulator
		{180FA920-761D-48CE-964C-B20B36C3BFB4}.Debug|x64.Deploy.0 = Debug|iPhoneSimulator
		{180FA920-761D-48CE-964C-B20B36C3BFB4}.Debug|x86.ActiveCfg = Debug|iPhoneSimulator
		{180FA920-761D-48CE-964C-B20B36C3BFB4}.Debug|x86.Build.0 = Debug|iPhoneSimulator
		{180FA920-761D-48CE-964C-B20B36C3BFB4}.Debug|x86.Deploy.0 = Debug|iPhoneSimulator
		{180FA920-761D-48CE-964C-B20B36C3BFB4}.Release|Any CPU.ActiveCfg = Release|iPhoneSimulator
		{180FA920-761D-48CE-964C-B20B36C3BFB4}.Release|Any CPU.Build.0 = Release|iPhoneSimulator
		{180FA920-761D-48CE-964C-B20B36C3BFB4}.Release|Any CPU.Deploy.0 = Release|iPhoneSimulator
		{180FA920-761D-48CE-964C-B20B36C3BFB4}.Release|ARM.ActiveCfg = Release|iPhoneSimulator
		{180FA920-761D-48CE-964C-B20B36C3BFB4}.Release|ARM.Build.0 = Release|iPhoneSimulator
		{180FA920-761D-48CE-964C-B20B36C3BFB4}.Release|ARM.Deploy.0 = Release|iPhoneSimulator
		{180FA920-761D-48CE-964C-B20B36C3BFB4}.Release|iPhone.ActiveCfg = Release|iPhone
		{180FA920-761D-48CE-964C-B20B36C3BFB4}.Release|iPhone.Build.0 = Release|iPhone
		{180FA920-761D-48CE-964C-B20B36C3BFB4}.Release|iPhone.Deploy.0 = Release|iPhone
		{180FA920-761D-48CE-964C-B20B36C3BFB4}.Release|iPhoneSimulator.ActiveCfg = Release|iPhoneSimulator
		{180FA920-761D-48CE-964C-B20B36C3BFB4}.Release|iPhoneSimulator.Build.0 = Release|iPhoneSimulator
		{180FA920-761D-48CE-964C-B20B36C3BFB4}.Release|iPhoneSimulator.Deploy.0 = Release|iPhoneSimulator
		{180FA920-761D-48CE-964C-B20B36C3BFB4}.Release|x64.ActiveCfg = Release|iPhoneSimulator
		{180FA920-761D-48CE-964C-B20B36C3BFB4}.Release|x64.Build.0 = Release|iPhoneSimulator
		{180FA920-761D-48CE-964C-B20B36C3BFB4}.Release|x64.Deploy.0 = Release|iPhoneSimulator
		{180FA920-761D-48CE-964C-B20B36C3BFB4}.Release|x86.ActiveCfg = Release|iPhoneSimulator
		{180FA920-761D-48CE-964C-B20B36C3BFB4}.Release|x86.Build.0 = Release|iPhoneSimulator
		{180FA920-761D-48CE-964C-B20B36C3BFB4}.Release|x86.Deploy.0 = Release|iPhoneSimulator
		{13D88F3C-BC03-4A08-915A-F301CEB1EB2D}.Debug|Any CPU.ActiveCfg = Debug|Any CPU
		{13D88F3C-BC03-4A08-915A-F301CEB1EB2D}.Debug|Any CPU.Build.0 = Debug|Any CPU
		{13D88F3C-BC03-4A08-915A-F301CEB1EB2D}.Debug|Any CPU.Deploy.0 = Debug|Any CPU
		{13D88F3C-BC03-4A08-915A-F301CEB1EB2D}.Debug|ARM.ActiveCfg = Debug|Any CPU
		{13D88F3C-BC03-4A08-915A-F301CEB1EB2D}.Debug|ARM.Build.0 = Debug|Any CPU
		{13D88F3C-BC03-4A08-915A-F301CEB1EB2D}.Debug|ARM.Deploy.0 = Debug|Any CPU
		{13D88F3C-BC03-4A08-915A-F301CEB1EB2D}.Debug|iPhone.ActiveCfg = Debug|Any CPU
		{13D88F3C-BC03-4A08-915A-F301CEB1EB2D}.Debug|iPhone.Build.0 = Debug|Any CPU
		{13D88F3C-BC03-4A08-915A-F301CEB1EB2D}.Debug|iPhone.Deploy.0 = Debug|Any CPU
		{13D88F3C-BC03-4A08-915A-F301CEB1EB2D}.Debug|iPhoneSimulator.ActiveCfg = Debug|Any CPU
		{13D88F3C-BC03-4A08-915A-F301CEB1EB2D}.Debug|iPhoneSimulator.Build.0 = Debug|Any CPU
		{13D88F3C-BC03-4A08-915A-F301CEB1EB2D}.Debug|iPhoneSimulator.Deploy.0 = Debug|Any CPU
		{13D88F3C-BC03-4A08-915A-F301CEB1EB2D}.Debug|x64.ActiveCfg = Debug|Any CPU
		{13D88F3C-BC03-4A08-915A-F301CEB1EB2D}.Debug|x64.Build.0 = Debug|Any CPU
		{13D88F3C-BC03-4A08-915A-F301CEB1EB2D}.Debug|x64.Deploy.0 = Debug|Any CPU
		{13D88F3C-BC03-4A08-915A-F301CEB1EB2D}.Debug|x86.ActiveCfg = Debug|Any CPU
		{13D88F3C-BC03-4A08-915A-F301CEB1EB2D}.Debug|x86.Build.0 = Debug|Any CPU
		{13D88F3C-BC03-4A08-915A-F301CEB1EB2D}.Debug|x86.Deploy.0 = Debug|Any CPU
		{13D88F3C-BC03-4A08-915A-F301CEB1EB2D}.Release|Any CPU.ActiveCfg = Release|Any CPU
		{13D88F3C-BC03-4A08-915A-F301CEB1EB2D}.Release|Any CPU.Build.0 = Release|Any CPU
		{13D88F3C-BC03-4A08-915A-F301CEB1EB2D}.Release|Any CPU.Deploy.0 = Release|Any CPU
		{13D88F3C-BC03-4A08-915A-F301CEB1EB2D}.Release|ARM.ActiveCfg = Release|Any CPU
		{13D88F3C-BC03-4A08-915A-F301CEB1EB2D}.Release|ARM.Build.0 = Release|Any CPU
		{13D88F3C-BC03-4A08-915A-F301CEB1EB2D}.Release|ARM.Deploy.0 = Release|Any CPU
		{13D88F3C-BC03-4A08-915A-F301CEB1EB2D}.Release|iPhone.ActiveCfg = Release|Any CPU
		{13D88F3C-BC03-4A08-915A-F301CEB1EB2D}.Release|iPhone.Build.0 = Release|Any CPU
		{13D88F3C-BC03-4A08-915A-F301CEB1EB2D}.Release|iPhone.Deploy.0 = Release|Any CPU
		{13D88F3C-BC03-4A08-915A-F301CEB1EB2D}.Release|iPhoneSimulator.ActiveCfg = Release|Any CPU
		{13D88F3C-BC03-4A08-915A-F301CEB1EB2D}.Release|iPhoneSimulator.Build.0 = Release|Any CPU
		{13D88F3C-BC03-4A08-915A-F301CEB1EB2D}.Release|iPhoneSimulator.Deploy.0 = Release|Any CPU
		{13D88F3C-BC03-4A08-915A-F301CEB1EB2D}.Release|x64.ActiveCfg = Release|Any CPU
		{13D88F3C-BC03-4A08-915A-F301CEB1EB2D}.Release|x64.Build.0 = Release|Any CPU
		{13D88F3C-BC03-4A08-915A-F301CEB1EB2D}.Release|x64.Deploy.0 = Release|Any CPU
		{13D88F3C-BC03-4A08-915A-F301CEB1EB2D}.Release|x86.ActiveCfg = Release|Any CPU
		{13D88F3C-BC03-4A08-915A-F301CEB1EB2D}.Release|x86.Build.0 = Release|Any CPU
		{13D88F3C-BC03-4A08-915A-F301CEB1EB2D}.Release|x86.Deploy.0 = Release|Any CPU
		{90B825E5-85E9-4016-8E1D-FBFF73CC8F66}.Debug|Any CPU.ActiveCfg = Debug|x64
		{90B825E5-85E9-4016-8E1D-FBFF73CC8F66}.Debug|Any CPU.Build.0 = Debug|x64
		{90B825E5-85E9-4016-8E1D-FBFF73CC8F66}.Debug|Any CPU.Deploy.0 = Debug|x64
		{90B825E5-85E9-4016-8E1D-FBFF73CC8F66}.Debug|ARM.ActiveCfg = Debug|ARM
		{90B825E5-85E9-4016-8E1D-FBFF73CC8F66}.Debug|ARM.Build.0 = Debug|ARM
		{90B825E5-85E9-4016-8E1D-FBFF73CC8F66}.Debug|ARM.Deploy.0 = Debug|ARM
		{90B825E5-85E9-4016-8E1D-FBFF73CC8F66}.Debug|iPhone.ActiveCfg = Debug|x64
		{90B825E5-85E9-4016-8E1D-FBFF73CC8F66}.Debug|iPhone.Build.0 = Debug|x64
		{90B825E5-85E9-4016-8E1D-FBFF73CC8F66}.Debug|iPhone.Deploy.0 = Debug|x64
		{90B825E5-85E9-4016-8E1D-FBFF73CC8F66}.Debug|iPhoneSimulator.ActiveCfg = Debug|x64
		{90B825E5-85E9-4016-8E1D-FBFF73CC8F66}.Debug|iPhoneSimulator.Build.0 = Debug|x64
		{90B825E5-85E9-4016-8E1D-FBFF73CC8F66}.Debug|iPhoneSimulator.Deploy.0 = Debug|x64
		{90B825E5-85E9-4016-8E1D-FBFF73CC8F66}.Debug|x64.ActiveCfg = Debug|x64
		{90B825E5-85E9-4016-8E1D-FBFF73CC8F66}.Debug|x64.Build.0 = Debug|x64
		{90B825E5-85E9-4016-8E1D-FBFF73CC8F66}.Debug|x64.Deploy.0 = Debug|x64
		{90B825E5-85E9-4016-8E1D-FBFF73CC8F66}.Debug|x86.ActiveCfg = Debug|x86
		{90B825E5-85E9-4016-8E1D-FBFF73CC8F66}.Debug|x86.Build.0 = Debug|x86
		{90B825E5-85E9-4016-8E1D-FBFF73CC8F66}.Debug|x86.Deploy.0 = Debug|x86
		{90B825E5-85E9-4016-8E1D-FBFF73CC8F66}.Release|Any CPU.ActiveCfg = Release|x64
		{90B825E5-85E9-4016-8E1D-FBFF73CC8F66}.Release|Any CPU.Build.0 = Release|x64
		{90B825E5-85E9-4016-8E1D-FBFF73CC8F66}.Release|Any CPU.Deploy.0 = Release|x64
		{90B825E5-85E9-4016-8E1D-FBFF73CC8F66}.Release|ARM.ActiveCfg = Release|ARM
		{90B825E5-85E9-4016-8E1D-FBFF73CC8F66}.Release|ARM.Build.0 = Release|ARM
		{90B825E5-85E9-4016-8E1D-FBFF73CC8F66}.Release|ARM.Deploy.0 = Release|ARM
		{90B825E5-85E9-4016-8E1D-FBFF73CC8F66}.Release|iPhone.ActiveCfg = Release|x64
		{90B825E5-85E9-4016-8E1D-FBFF73CC8F66}.Release|iPhone.Build.0 = Release|x64
		{90B825E5-85E9-4016-8E1D-FBFF73CC8F66}.Release|iPhone.Deploy.0 = Release|x64
		{90B825E5-85E9-4016-8E1D-FBFF73CC8F66}.Release|iPhoneSimulator.ActiveCfg = Release|x64
		{90B825E5-85E9-4016-8E1D-FBFF73CC8F66}.Release|iPhoneSimulator.Build.0 = Release|x64
		{90B825E5-85E9-4016-8E1D-FBFF73CC8F66}.Release|iPhoneSimulator.Deploy.0 = Release|x64
		{90B825E5-85E9-4016-8E1D-FBFF73CC8F66}.Release|x64.ActiveCfg = Release|x64
		{90B825E5-85E9-4016-8E1D-FBFF73CC8F66}.Release|x64.Build.0 = Release|x64
		{90B825E5-85E9-4016-8E1D-FBFF73CC8F66}.Release|x64.Deploy.0 = Release|x64
		{90B825E5-85E9-4016-8E1D-FBFF73CC8F66}.Release|x86.ActiveCfg = Release|x86
		{90B825E5-85E9-4016-8E1D-FBFF73CC8F66}.Release|x86.Build.0 = Release|x86
		{90B825E5-85E9-4016-8E1D-FBFF73CC8F66}.Release|x86.Deploy.0 = Release|x86
	EndGlobalSection
	GlobalSection(SolutionProperties) = preSolution
		HideSolutionNode = FALSE
	EndGlobalSection
	GlobalSection(ExtensibilityGlobals) = postSolution
		SolutionGuid = {B5621B60-E836-45E3-8BD3-1F512757BBA5}
	EndGlobalSection
EndGlobal
